
Microsoft Visual Studio Solution File, Format Version 12.00
# Visual Studio Version 16
VisualStudioVersion = 16.0.29111.141
MinimumVisualStudioVersion = 10.0.40219.1
Project("{FAE04EC0-301F-11D3-BF4B-00C04F79EFBC}") = "DinoBotTester", "DinoBotTester\DinoBotTester.csproj", "{60D2C181-FF97-490B-BDB3-4B99A26F46BD}"
EndProject
Global
	GlobalSection(SolutionConfigurationPlatforms) = preSolution
		Debug|Any CPU = Debug|Any CPU
		Release|Any CPU = Release|Any CPU
	EndGlobalSection
	GlobalSection(ProjectConfigurationPlatforms) = postSolution
		{60D2C181-FF97-490B-BDB3-4B99A26F46BD}.Debug|Any CPU.ActiveCfg = Debug|Any CPU
		{60D2C181-FF97-490B-BDB3-4B99A26F46BD}.Debug|Any CPU.Build.0 = Debug|Any CPU
		{60D2C181-FF97-490B-BDB3-4B99A26F46BD}.Release|Any CPU.ActiveCfg = Release|Any CPU
		{60D2C181-FF97-490B-BDB3-4B99A26F46BD}.Release|Any CPU.Build.0 = Release|Any CPU
	EndGlobalSection
	GlobalSection(SolutionProperties) = preSolution
		HideSolutionNode = FALSE
	EndGlobalSection
	GlobalSection(ExtensibilityGlobals) = postSolution
		SolutionGuid = {650CB5F5-7D11-41B9-9D7D-C4A4BE8B7C43}
	EndGlobalSection
EndGlobal
